
Microsoft Visual Studio Solution File, Format Version 12.00
# Visual Studio Version 17
VisualStudioVersion = 17.10.35027.167
MinimumVisualStudioVersion = 10.0.40219.1
Project("{FAE04EC0-301F-11D3-BF4B-00C04F79EFBC}") = "ConsoleAppJostoJooyeHalis", "ConsoleAppJostoJooyeHalis\ConsoleAppJostoJooyeHalis.csproj", "{4063A161-52B8-45E4-B2BD-E8EDE3B2730E}"
EndProject
Global
	GlobalSection(SolutionConfigurationPlatforms) = preSolution
		Debug|Any CPU = Debug|Any CPU
		Release|Any CPU = Release|Any CPU
	EndGlobalSection
	GlobalSection(ProjectConfigurationPlatforms) = postSolution
		{4063A161-52B8-45E4-B2BD-E8EDE3B2730E}.Debug|Any CPU.ActiveCfg = Debug|Any CPU
		{4063A161-52B8-45E4-B2BD-E8EDE3B2730E}.Debug|Any CPU.Build.0 = Debug|Any CPU
		{4063A161-52B8-45E4-B2BD-E8EDE3B2730E}.Release|Any CPU.ActiveCfg = Release|Any CPU
		{4063A161-52B8-45E4-B2BD-E8EDE3B2730E}.Release|Any CPU.Build.0 = Release|Any CPU
	EndGlobalSection
	GlobalSection(SolutionProperties) = preSolution
		HideSolutionNode = FALSE
	EndGlobalSection
	GlobalSection(ExtensibilityGlobals) = postSolution
		SolutionGuid = {C31AD598-76F8-470F-A53A-080C0DEAEA08}
	EndGlobalSection
EndGlobal
